// !$*UTF8*$!
{
	archiveVersion = 1;
	classes = {
	};
	objectVersion = 46;
	objects = {

/* Begin PBXBuildFile section */
		780B06F61C8ACB6C00891401 /* main.m in Sources */ = {isa = PBXBuildFile; fileRef = 780B06F51C8ACB6C00891401 /* main.m */; };
		780B06F91C8ACB6C00891401 /* AppDelegate.m in Sources */ = {isa = PBXBuildFile; fileRef = 780B06F81C8ACB6C00891401 /* AppDelegate.m */; };
		780B06FC1C8ACB6C00891401 /* ViewController.m in Sources */ = {isa = PBXBuildFile; fileRef = 780B06FB1C8ACB6C00891401 /* ViewController.m */; };
		780B06FF1C8ACB6C00891401 /* Main.storyboard in Resources */ = {isa = PBXBuildFile; fileRef = 780B06FD1C8ACB6C00891401 /* Main.storyboard */; };
		780B07011C8ACB6C00891401 /* Assets.xcassets in Resources */ = {isa = PBXBuildFile; fileRef = 780B07001C8ACB6C00891401 /* Assets.xcassets */; };
		780B07041C8ACB6C00891401 /* LaunchScreen.storyboard in Resources */ = {isa = PBXBuildFile; fileRef = 780B07021C8ACB6C00891401 /* LaunchScreen.storyboard */; };
/* End PBXBuildFile section */

/* Begin PBXFileReference section */
		780B06F11C8ACB6C00891401 /* testSpec.app */ = {isa = PBXFileReference; explicitFileType = wrapper.application; includeInIndex = 0; path = testSpec.app; sourceTree = BUILT_PRODUCTS_DIR; };
		780B06F51C8ACB6C00891401 /* main.m */ = {isa = PBXFileReference; lastKnownFileType = sourcecode.c.objc; path = main.m; sourceTree = "<group>"; };
		780B06F71C8ACB6C00891401 /* AppDelegate.h */ = {isa = PBXFileReference; lastKnownFileType = sourcecode.c.h; path = AppDelegate.h; sourceTree = "<group>"; };
		780B06F81C8ACB6C00891401 /* AppDelegate.m */ = {isa = PBXFileReference; lastKnownFileType = sourcecode.c.objc; path = AppDelegate.m; sourceTree = "<group>"; };
		780B06FA1C8ACB6C00891401 /* ViewController.h */ = {isa = PBXFileReference; lastKnownFileType = sourcecode.c.h; path = ViewController.h; sourceTree = "<group>"; };
		780B06FB1C8ACB6C00891401 /* ViewController.m */ = {isa = PBXFileReference; lastKnownFileType = sourcecode.c.objc; path = ViewController.m; sourceTree = "<group>"; };
		780B06FE1C8ACB6C00891401 /* Base */ = {isa = PBXFileReference; lastKnownFileType = file.storyboard; name = Base; path = Base.lproj/Main.storyboard; sourceTree = "<group>"; };
		780B07001C8ACB6C00891401 /* Assets.xcassets */ = {isa = PBXFileReference; lastKnownFileType = folder.assetcatalog; path = Assets.xcassets; sourceTree = "<group>"; };
		780B07031C8ACB6C00891401 /* Base */ = {isa = PBXFileReference; lastKnownFileType = file.storyboard; name = Base; path = Base.lproj/LaunchScreen.storyboard; sourceTree = "<group>"; };
		780B07051C8ACB6C00891401 /* Info.plist */ = {isa = PBXFileReference; lastKnownFileType = text.plist.xml; path = Info.plist; sourceTree = "<group>"; };
/* End PBXFileReference section */

/* Begin PBXFrameworksBuildPhase section */
		780B06EE1C8ACB6C00891401 /* Frameworks */ = {
			isa = PBXFrameworksBuildPhase;
			buildActionMask = 2147483647;
			files = (
			);
			runOnlyForDeploymentPostprocessing = 0;
		};
/* End PBXFrameworksBuildPhase section */

/* Begin PBXGroup section */
		780B06E81C8ACB6C00891401 = {
			isa = PBXGroup;
			children = (
				780B06F31C8ACB6C00891401 /* testSpec */,
				780B06F21C8ACB6C00891401 /* Products */,
			);
			sourceTree = "<group>";
		};
		780B06F21C8ACB6C00891401 /* Products */ = {
			isa = PBXGroup;
			children = (
				780B06F11C8ACB6C00891401 /* testSpec.app */,
			);
			name = Products;
			sourceTree = "<group>";
		};
		780B06F31C8ACB6C00891401 /* testSpec */ = {
			isa = PBXGroup;
			children = (
				780B06F71C8ACB6C00891401 /* AppDelegate.h */,
				780B06F81C8ACB6C00891401 /* AppDelegate.m */,
				780B06FA1C8ACB6C00891401 /* ViewController.h */,
				780B06FB1C8ACB6C00891401 /* ViewController.m */,
				780B06FD1C8ACB6C00891401 /* Main.storyboard */,
				780B07001C8ACB6C00891401 /* Assets.xcassets */,
				780B07021C8ACB6C00891401 /* LaunchScreen.storyboard */,
				780B07051C8ACB6C00891401 /* Info.plist */,
				780B06F41C8ACB6C00891401 /* Supporting Files */,
			);
			path = testSpec;
			sourceTree = "<group>";
		};
		780B06F41C8ACB6C00891401 /* Supporting Files */ = {
			isa = PBXGroup;
			children = (
				780B06F51C8ACB6C00891401 /* main.m */,
			);
			name = "Supporting Files";
			sourceTree = "<group>";
		};
/* End PBXGroup section */

/* Begin PBXNativeTarget section */
		780B06F01C8ACB6C00891401 /* testSpec */ = {
			isa = PBXNativeTarget;
			buildConfigurationList = 780B07081C8ACB6C00891401 /* Build configuration list for PBXNativeTarget "testSpec" */;
			buildPhases = (
				780B06ED1C8ACB6C00891401 /* Sources */,
				780B06EE1C8ACB6C00891401 /* Frameworks */,
				780B06EF1C8ACB6C00891401 /* Resources */,
			);
			buildRules = (
			);
			dependencies = (
			);
			name = testSpec;
			productName = testSpec;
			productReference = 780B06F11C8ACB6C00891401 /* testSpec.app */;
			productType = "com.apple.product-type.application";
		};
/* End PBXNativeTarget section */

/* Begin PBXProject section */
		780B06E91C8ACB6C00891401 /* Project object */ = {
			isa = PBXProject;
			attributes = {
				LastUpgradeCheck = 0720;
				ORGANIZATIONNAME = ZL;
				TargetAttributes = {
					780B06F01C8ACB6C00891401 = {
						CreatedOnToolsVersion = 7.2.1;
					};
				};
			};
			buildConfigurationList = 780B06EC1C8ACB6C00891401 /* Build configuration list for PBXProject "testSpec" */;
			compatibilityVersion = "Xcode 3.2";
			developmentRegion = English;
			hasScannedForEncodings = 0;
			knownRegions = (
				en,
				Base,
			);
			mainGroup = 780B06E81C8ACB6C00891401;
			productRefGroup = 780B06F21C8ACB6C00891401 /* Products */;
			projectDirPath = "";
			projectRoot = "";
			targets = (
				780B06F01C8ACB6C00891401 /* testSpec */,
			);
		};
/* End PBXProject section */

/* Begin PBXResourcesBuildPhase section */
		780B06EF1C8ACB6C00891401 /* Resources */ = {
			isa = PBXResourcesBuildPhase;
			buildActionMask = 2147483647;
			files = (
				780B07041C8ACB6C00891401 /* LaunchScreen.storyboard in Resources */,
				780B07011C8ACB6C00891401 /* Assets.xcassets in Resources */,
				780B06FF1C8ACB6C00891401 /* Main.storyboard in Resources */,
			);
			runOnlyForDeploymentPostprocessing = 0;
		};
/* End PBXResourcesBuildPhase section */

/* Begin PBXSourcesBuildPhase section */
		780B06ED1C8ACB6C00891401 /* Sources */ = {
			isa = PBXSourcesBuildPhase;
			buildActionMask = 2147483647;
			files = (
				780B06FC1C8ACB6C00891401 /* ViewController.m in Sources */,
				780B06F91C8ACB6C00891401 /* AppDelegate.m in Sources */,
				780B06F61C8ACB6C00891401 /* main.m in Sources */,
			);
			runOnlyForDeploymentPostprocessing = 0;
		};
/* End PBXSourcesBuildPhase section */

/* Begin PBXVariantGroup section */
		780B06FD1C8ACB6C00891401 /* Main.storyboard */ = {
			isa = PBXVariantGroup;
			children = (
				780B06FE1C8ACB6C00891401 /* Base */,
			);
			name = Main.storyboard;
			sourceTree = "<group>";
		};
		780B07021C8ACB6C00891401 /* LaunchScreen.storyboard */ = {
			isa = PBXVariantGroup;
			children = (
				780B07031C8ACB6C00891401 /* Base */,
			);
			name = LaunchScreen.storyboard;
			sourceTree = "<group>";
		};
/* End PBXVariantGroup section */

/* Begin XCBuildConfiguration section */
		780B07061C8ACB6C00891401 /* Debug */ = {
			isa = XCBuildConfiguration;
			buildSettings = {
				ALWAYS_SEARCH_USER_PATHS = NO;
				CLANG_CXX_LANGUAGE_STANDARD = "gnu++0x";
				CLANG_CXX_LIBRARY = "libc++";
				CLANG_ENABLE_MODULES = YES;
				CLANG_ENABLE_OBJC_ARC = YES;
				CLANG_WARN_BOOL_CONVERSION = YES;
				CLANG_WARN_CONSTANT_CONVERSION = YES;
				CLANG_WARN_DIRECT_OBJC_ISA_USAGE = YES_ERROR;
				CLANG_WARN_EMPTY_BODY = YES;
				CLANG_WARN_ENUM_CONVERSION = YES;
				CLANG_WARN_INT_CONVERSION = YES;
				CLANG_WARN_OBJC_ROOT_CLASS = YES_ERROR;
				CLANG_WARN_UNREACHABLE_CODE = YES;
				CLANG_WARN__DUPLICATE_METHOD_MATCH = YES;
				"CODE_SIGN_IDENTITY[sdk=iphoneos*]" = "iPhone Developer";
				COPY_PHASE_STRIP = NO;
				DEBUG_INFORMATION_FORMAT = dwarf;
				ENABLE_STRICT_OBJC_MSGSEND = YES;
				ENABLE_TESTABILITY = YES;
				GCC_C_LANGUAGE_STANDARD = gnu99;
				GCC_DYNAMIC_NO_PIC = NO;
				GCC_NO_COMMON_BLOCKS = YES;
				GCC_OPTIMIZATION_LEVEL = 0;
				GCC_PREPROCESSOR_DEFINITIONS = (
					"DEBUG=1",
					"$(inherited)",
				);
				GCC_WARN_64_TO_32_BIT_CONVERSION = YES;
				GCC_WARN_ABOUT_RETURN_TYPE = YES_ERROR;
				GCC_WARN_UNDECLARED_SELECTOR = YES;
				GCC_WARN_UNINITIALIZED_AUTOS = YES_AGGRESSIVE;
				GCC_WARN_UNUSED_FUNCTION = YES;
				GCC_WARN_UNUSED_VARIABLE = YES;
				IPHONEOS_DEPLOYMENT_TARGET = 9.2;
				MTL_ENABLE_DEBUG_INFO = YES;
				ONLY_ACTIVE_ARCH = YES;
				SDKROOT = iphoneos;
			};
			name = Debug;
		};
		780B07071C8ACB6C00891401 /* Release */ = {
			isa = XCBuildConfiguration;
			buildSettings = {
				ALWAYS_SEARCH_USER_PATHS = NO;
				CLANG_CXX_LANGUAGE_STANDARD = "gnu++0x";
				CLANG_CXX_LIBRARY = "libc++";
				CLANG_ENABLE_MODULES = YES;
				CLANG_ENABLE_OBJC_ARC = YES;
				CLANG_WARN_BOOL_CONVERSION = YES;
				CLANG_WARN_CONSTANT_CONVERSION = YES;
				CLANG_WARN_DIRECT_OBJC_ISA_USAGE = YES_ERROR;
				CLANG_WARN_EMPTY_BODY = YES;
				CLANG_WARN_ENUM_CONVERSION = YES;
				CLANG_WARN_INT_CONVERSION = YES;
				CLANG_WARN_OBJC_ROOT_CLASS = YES_ERROR;
				CLANG_WARN_UNREACHABLE_CODE = YES;
				CLANG_WARN__DUPLICATE_METHOD_MATCH = YES;
				"CODE_SIGN_IDENTITY[sdk=iphoneos*]" = "iPhone Developer";
				COPY_PHASE_STRIP = NO;
				DEBUG_INFORMATION_FORMAT = "dwarf-with-dsym";
				ENABLE_NS_ASSERTIONS = NO;
				ENABLE_STRICT_OBJC_MSGSEND = YES;
				GCC_C_LANGUAGE_STANDARD = gnu99;
				GCC_NO_COMMON_BLOCKS = YES;
				GCC_WARN_64_TO_32_BIT_CONVERSION = YES;
				GCC_WARN_ABOUT_RETURN_TYPE = YES_ERROR;
				GCC_WARN_UNDECLARED_SELECTOR = YES;
				GCC_WARN_UNINITIALIZED_AUTOS = YES_AGGRESSIVE;
				GCC_WARN_UNUSED_FUNCTION = YES;
				GCC_WARN_UNUSED_VARIABLE = YES;
				IPHONEOS_DEPLOYMENT_TARGET = 9.2;
				MTL_ENABLE_DEBUG_INFO = NO;
				SDKROOT = iphoneos;
				VALIDATE_PRODUCT = YES;
			};
			name = Release;
		};
		780B07091C8ACB6C00891401 /* Debug */ = {
			isa = XCBuildConfiguration;
			buildSettings = {
				ASSETCATALOG_COMPILER_APPICON_NAME = AppIcon;
				INFOPLIST_FILE = testSpec/Info.plist;
				LD_RUNPATH_SEARCH_PATHS = "$(inherited) @executable_path/Frameworks";
				PRODUCT_BUNDLE_IDENTIFIER = com.czl.testSpec;
				PRODUCT_NAME = "$(TARGET_NAME)";
			};
			name = Debug;
		};
		780B070A1C8ACB6C00891401 /* Release */ = {
			isa = XCBuildConfiguration;
			buildSettings = {
				ASSETCATALOG_COMPILER_APPICON_NAME = AppIcon;
				INFOPLIST_FILE = testSpec/Info.plist;
				LD_RUNPATH_SEARCH_PATHS = "$(inherited) @executable_path/Frameworks";
				PRODUCT_BUNDLE_IDENTIFIER = com.czl.testSpec;
				PRODUCT_NAME = "$(TARGET_NAME)";
			};
			name = Release;
		};
/* End XCBuildConfiguration section */

/* Begin XCConfigurationList section */
		780B06EC1C8ACB6C00891401 /* Build configuration list for PBXProject "testSpec" */ = {
			isa = XCConfigurationList;
			buildConfigurations = (
				780B07061C8ACB6C00891401 /* Debug */,
				780B07071C8ACB6C00891401 /* Release */,
			);
			defaultConfigurationIsVisible = 0;
			defaultConfigurationName = Release;
		};
		780B07081C8ACB6C00891401 /* Build configuration list for PBXNativeTarget "testSpec" */ = {
			isa = XCConfigurationList;
			buildConfigurations = (
				780B07091C8ACB6C00891401 /* Debug */,
				780B070A1C8ACB6C00891401 /* Release */,
			);
			defaultConfigurationIsVisible = 0;
		};
/* End XCConfigurationList section */
	};
	rootObject = 780B06E91C8ACB6C00891401 /* Project object */;
}
